PODS:
  - Expecta (1.0.5)
  - L360HAC (0.1.0)
  - Specta (1.0.5)

DEPENDENCIES:
  - Expecta
  - L360HAC (from `../`)
  - Specta

EXTERNAL SOURCES:
  L360HAC:
    :path: ../

SPEC CHECKSUMS:
  Expecta: e1c022fcd33910b6be89c291d2775b3fe27a89fe
  L360HAC: 4c8aac1dde421119a2c0fc235aa69de0a33ed790
  Specta: ac94d110b865115fe60ff2c6d7281053c6f8e8a2

COCOAPODS: 0.39.0
